
Microsoft Visual Studio Solution File, Format Version 12.00
# Visual Studio Version 17
VisualStudioVersion = 17.14.35821.62
MinimumVisualStudioVersion = 10.0.40219.1
Project("{FAE04EC0-301F-11D3-BF4B-00C04F79EFBC}") = "HotRAT.Server", "HotRAT.Server\HotRAT.Server.csproj", "{77572737-FC83-4B87-9E33-DF27C4E3F77E}"
EndProject
Project("{FAE04EC0-301F-11D3-BF4B-00C04F79EFBC}") = "HotRAT.Client", "HotRAT.Client\HotRAT.Client.csproj", "{E0035580-5235-4A6E-B10B-59CDAAA8B195}"
EndProject
Project("{FAE04EC0-301F-11D3-BF4B-00C04F79EFBC}") = "HotRAT.Libs", "HotRAT.Libs\HotRAT.Libs.csproj", "{86570F0E-ED0C-45E8-BDB4-7D32C3440D0F}"
EndProject
Global
	GlobalSection(SolutionConfigurationPlatforms) = preSolution
		Debug|Any CPU = Debug|Any CPU
		Release|Any CPU = Release|Any CPU
	EndGlobalSection
	GlobalSection(ProjectConfigurationPlatforms) = postSolution
		{77572737-FC83-4B87-9E33-DF27C4E3F77E}.Debug|Any CPU.ActiveCfg = Debug|Any CPU
		{77572737-FC83-4B87-9E33-DF27C4E3F77E}.Debug|Any CPU.Build.0 = Debug|Any CPU
		{77572737-FC83-4B87-9E33-DF27C4E3F77E}.Release|Any CPU.ActiveCfg = Release|Any CPU
		{77572737-FC83-4B87-9E33-DF27C4E3F77E}.Release|Any CPU.Build.0 = Release|Any CPU
		{E0035580-5235-4A6E-B10B-59CDAAA8B195}.Debug|Any CPU.ActiveCfg = Debug|Any CPU
		{E0035580-5235-4A6E-B10B-59CDAAA8B195}.Debug|Any CPU.Build.0 = Debug|Any CPU
		{E0035580-5235-4A6E-B10B-59CDAAA8B195}.Release|Any CPU.ActiveCfg = Release|Any CPU
		{E0035580-5235-4A6E-B10B-59CDAAA8B195}.Release|Any CPU.Build.0 = Release|Any CPU
		{86570F0E-ED0C-45E8-BDB4-7D32C3440D0F}.Debug|Any CPU.ActiveCfg = Debug|Any CPU
		{86570F0E-ED0C-45E8-BDB4-7D32C3440D0F}.Debug|Any CPU.Build.0 = Debug|Any CPU
		{86570F0E-ED0C-45E8-BDB4-7D32C3440D0F}.Release|Any CPU.ActiveCfg = Release|Any CPU
		{86570F0E-ED0C-45E8-BDB4-7D32C3440D0F}.Release|Any CPU.Build.0 = Release|Any CPU
	EndGlobalSection
	GlobalSection(SolutionProperties) = preSolution
		HideSolutionNode = FALSE
	EndGlobalSection
	GlobalSection(ExtensibilityGlobals) = postSolution
		SolutionGuid = {325D9C3B-8CD7-43C4-927E-A486C60DF4D7}
	EndGlobalSection
EndGlobal
